{
  "name": "asheville-music-chart",
  "version": "1.0.0",
  "lockfileVersion": 3,
  "requires": true,
  "packages": {
    "": {
      "name": "asheville-music-chart",
      "version": "1.0.0",
      "workspaces": [
        "apps/*",
        "packages/*",
        "tools/*"
      ],
      "devDependencies": {}
    },
    "apps/web": {
      "name": "@asheville-music-chart/web",
      "version": "0.0.0"
    },
    "node_modules/@asheville-music-chart/application": {
      "resolved": "packages/application",
      "link": true
    },
    "node_modules/@asheville-music-chart/core": {
      "resolved": "packages/core",
      "link": true
    },
    "node_modules/@asheville-music-chart/data-pipeline": {
      "resolved": "tools/data-pipeline",
      "link": true
    },
    "node_modules/@asheville-music-chart/infrastructure": {
      "resolved": "packages/infrastructure",
      "link": true
    },
    "node_modules/@asheville-music-chart/web": {
      "resolved": "apps/web",
      "link": true
    },
    "packages/application": {
      "name": "@asheville-music-chart/application",
      "version": "0.0.0"
    },
    "packages/core": {
      "name": "@asheville-music-chart/core",
      "version": "0.0.0"
    },
    "packages/infrastructure": {
      "name": "@asheville-music-chart/infrastructure",
      "version": "0.0.0"
    },
    "tools/data-pipeline": {
      "name": "@asheville-music-chart/data-pipeline",
      "version": "0.0.0"
    }
  }
}
